
Microsoft Visual Studio Solution File, Format Version 12.00
# Visual Studio 15
VisualStudioVersion = 15.0.28010.2041
MinimumVisualStudioVersion = 10.0.40219.1
Project("{FAE04EC0-301F-11D3-BF4B-00C04F79EFBC}") = "BinPacking", "BinPacking\BinPacking.csproj", "{5383E524-2803-4127-B68C-5F2810C2333A}"
EndProject
Global
	GlobalSection(SolutionConfigurationPlatforms) = preSolution
		Debug|Any CPU = Debug|Any CPU
		Release|Any CPU = Release|Any CPU
	EndGlobalSection
	GlobalSection(ProjectConfigurationPlatforms) = postSolution
		{5383E524-2803-4127-B68C-5F2810C2333A}.Debug|Any CPU.ActiveCfg = Debug|Any CPU
		{5383E524-2803-4127-B68C-5F2810C2333A}.Debug|Any CPU.Build.0 = Debug|Any CPU
		{5383E524-2803-4127-B68C-5F2810C2333A}.Release|Any CPU.ActiveCfg = Release|Any CPU
		{5383E524-2803-4127-B68C-5F2810C2333A}.Release|Any CPU.Build.0 = Release|Any CPU
	EndGlobalSection
	GlobalSection(SolutionProperties) = preSolution
		HideSolutionNode = FALSE
	EndGlobalSection
	GlobalSection(ExtensibilityGlobals) = postSolution
		SolutionGuid = {4A88A5BA-07EB-4240-A294-6CB611D513BC}
	EndGlobalSection
EndGlobal
